
Microsoft Visual Studio Solution File, Format Version 12.00
# Visual Studio Version 16
VisualStudioVersion = 16.0.30717.126
MinimumVisualStudioVersion = 10.0.40219.1
Project("{FAE04EC0-301F-11D3-BF4B-00C04F79EFBC}") = "GoatInKitchenGarden", "GoatInKitchenGarden.csproj", "{C750DC95-C08B-42BC-9E21-F6E5AB6044FA}"
EndProject
Global
	GlobalSection(SolutionConfigurationPlatforms) = preSolution
		Debug|Any CPU = Debug|Any CPU
		Release|Any CPU = Release|Any CPU
	EndGlobalSection
	GlobalSection(ProjectConfigurationPlatforms) = postSolution
		{C750DC95-C08B-42BC-9E21-F6E5AB6044FA}.Debug|Any CPU.ActiveCfg = Debug|Any CPU
		{C750DC95-C08B-42BC-9E21-F6E5AB6044FA}.Debug|Any CPU.Build.0 = Debug|Any CPU
		{C750DC95-C08B-42BC-9E21-F6E5AB6044FA}.Release|Any CPU.ActiveCfg = Release|Any CPU
		{C750DC95-C08B-42BC-9E21-F6E5AB6044FA}.Release|Any CPU.Build.0 = Release|Any CPU
	EndGlobalSection
	GlobalSection(SolutionProperties) = preSolution
		HideSolutionNode = FALSE
	EndGlobalSection
	GlobalSection(ExtensibilityGlobals) = postSolution
		SolutionGuid = {BCAAD76F-A567-4DE1-9A12-A47030FB1187}
	EndGlobalSection
EndGlobal
